
Microsoft Visual Studio Solution File, Format Version 12.00
# Visual Studio Version 16
VisualStudioVersion = 16.0.33027.164
MinimumVisualStudioVersion = 10.0.40219.1
Project("{FAE04EC0-301F-11D3-BF4B-00C04F79EFBC}") = "Week5HW.Api", "Week5HW.Api.csproj", "{FA86A0AE-DB35-4772-8CC2-D0007F1B06BD}"
EndProject
Project("{FAE04EC0-301F-11D3-BF4B-00C04F79EFBC}") = "Week5HW.Core", "..\Week5HW.Core\Week5HW.Core.csproj", "{35D36565-9F12-4B14-ABB1-2CD8E4580EE2}"
EndProject
Project("{FAE04EC0-301F-11D3-BF4B-00C04F79EFBC}") = "Week5HW.Infrastructure", "..\Week5HW.Infrastructure\Week5HW.Infrastructure.csproj", "{EF735B24-A6A4-44E2-916E-66409F5D630D}"
EndProject
Global
	GlobalSection(SolutionConfigurationPlatforms) = preSolution
		Debug|Any CPU = Debug|Any CPU
		Release|Any CPU = Release|Any CPU
	EndGlobalSection
	GlobalSection(ProjectConfigurationPlatforms) = postSolution
		{FA86A0AE-DB35-4772-8CC2-D0007F1B06BD}.Debug|Any CPU.ActiveCfg = Debug|Any CPU
		{FA86A0AE-DB35-4772-8CC2-D0007F1B06BD}.Debug|Any CPU.Build.0 = Debug|Any CPU
		{FA86A0AE-DB35-4772-8CC2-D0007F1B06BD}.Release|Any CPU.ActiveCfg = Release|Any CPU
		{FA86A0AE-DB35-4772-8CC2-D0007F1B06BD}.Release|Any CPU.Build.0 = Release|Any CPU
		{35D36565-9F12-4B14-ABB1-2CD8E4580EE2}.Debug|Any CPU.ActiveCfg = Debug|Any CPU
		{35D36565-9F12-4B14-ABB1-2CD8E4580EE2}.Debug|Any CPU.Build.0 = Debug|Any CPU
		{35D36565-9F12-4B14-ABB1-2CD8E4580EE2}.Release|Any CPU.ActiveCfg = Release|Any CPU
		{35D36565-9F12-4B14-ABB1-2CD8E4580EE2}.Release|Any CPU.Build.0 = Release|Any CPU
		{EF735B24-A6A4-44E2-916E-66409F5D630D}.Debug|Any CPU.ActiveCfg = Debug|Any CPU
		{EF735B24-A6A4-44E2-916E-66409F5D630D}.Debug|Any CPU.Build.0 = Debug|Any CPU
		{EF735B24-A6A4-44E2-916E-66409F5D630D}.Release|Any CPU.ActiveCfg = Release|Any CPU
		{EF735B24-A6A4-44E2-916E-66409F5D630D}.Release|Any CPU.Build.0 = Release|Any CPU
	EndGlobalSection
	GlobalSection(SolutionProperties) = preSolution
		HideSolutionNode = FALSE
	EndGlobalSection
	GlobalSection(ExtensibilityGlobals) = postSolution
		SolutionGuid = {3487CEB5-EC77-4D3D-9400-31BEBC1FC458}
	EndGlobalSection
EndGlobal
